PODS:
  - AFNetworking (4.0.1):
    - AFNetworking/NSURLSession (= 4.0.1)
    - AFNetworking/Reachability (= 4.0.1)
    - AFNetworking/Security (= 4.0.1)
    - AFNetworking/Serialization (= 4.0.1)
    - AFNetworking/UIKit (= 4.0.1)
  - AFNetworking/NSURLSession (4.0.1):
    - AFNetworking/Reachability
    - AFNetworking/Security
    - AFNetworking/Serialization
  - AFNetworking/Reachability (4.0.1)
  - AFNetworking/Security (4.0.1)
  - AFNetworking/Serialization (4.0.1)
  - AFNetworking/UIKit (4.0.1):
    - AFNetworking/NSURLSession
  - Bolts/Tasks (1.9.1)
  - DateTools (2.0.0)
  - iosMath (0.9.4)
  - Parse (1.18.0):
    - Parse/Core (= 1.18.0)
  - Parse/Core (1.18.0):
    - Bolts/Tasks (= 1.9.1)
  - Parse/UI (1.18.0):
    - Parse/Core
  - TOCropViewController (2.5.4)

DEPENDENCIES:
  - AFNetworking
  - DateTools
  - iosMath
  - Parse
  - Parse/UI
  - TOCropViewController

SPEC REPOS:
  trunk:
    - AFNetworking
    - Bolts
    - DateTools
    - iosMath
    - Parse
    - TOCropViewController

SPEC CHECKSUMS:
  AFNetworking: 7864c38297c79aaca1500c33288e429c3451fdce
  Bolts: 8c1e8aab2f603387b8b9924f57d1d64f43d3ffdc
  DateTools: 933ac9c490f21f92127cf690ccd8c397e0126caf
  iosMath: f7a6cbadf9d836d2149c2a84c435b1effc244cba
  Parse: 79bdda34fdb7eb2a707a43a951c8aae236cb3e34
  TOCropViewController: 2a1ae1242600b1f2d996fd91a5268b2309a33b5c

PODFILE CHECKSUM: c53fab7d0d966cdb565b052d0d928cfd8268de69

COCOAPODS: 1.9.3
